<?xml version="1.0" encoding="utf-8"?>
<Project ToolsVersion="4.0" xmlns="http://schemas.microsoft.com/developer/msbuild/2003">
  <ItemGroup>
    <ClCompile Include="Main.cpp" />
    <ClCompile Include="DX11App.cpp">
      <Filter>App\DX11APP</Filter>
    </ClCompile>
    <ClCompile Include="camera.cpp">
      <Filter>Tools\View\Camera</Filter>
    </ClCompile>
    <ClCompile Include="Application.cpp" />
    <ClCompile Include="App.cpp">
      <Filter>App</Filter>
    </ClCompile>
    <ClCompile Include="DX11ObjectManager.cpp">
      <Filter>Tools\DX11Stuff\DX11ObjectManager</Filter>
    </ClCompile>
    <ClCompile Include="DX11Helper.cpp">
      <Filter>Tools\DX11Stuff\DX11Helper</Filter>
    </ClCompile>
    <ClCompile Include="Helper.cpp">
      <Filter>Tools\Helper\Helper</Filter>
    </ClCompile>
    <ClCompile Include="BasicObject.cpp">
      <Filter>DX11ObjectDrawable\DirectX Objects\BasicObject</Filter>
    </ClCompile>
    <ClCompile Include="PlyLib\rply.c">
      <Filter>Tools\Helper\PlyFile</Filter>
    </ClCompile>
    <ClCompile Include="PlyFile.cpp">
      <Filter>DX11ObjectDrawable\DirectX Objects\BasicObject\PlyFile</Filter>
    </ClCompile>
    <ClCompile Include="SkyBox.cpp">
      <Filter>DX11ObjectDrawable\DirectX Objects\BasicObject\SkyBox</Filter>
    </ClCompile>
    <ClCompile Include="ObjectLoader.cpp">
      <Filter>Tools\Loader</Filter>
    </ClCompile>
    <ClCompile Include="tinyxml2\tinyxml2.cpp">
      <Filter>Tools\Helper\TinyXML</Filter>
    </ClCompile>
    <ClCompile Include="Transparent.cpp">
      <Filter>DX11ObjectDrawable\DirectX Objects\BasicObject\PlyFile\Transparent</Filter>
    </ClCompile>
    <ClCompile Include="MathHelper.cpp">
      <Filter>Tools\Helper\MathHelper</Filter>
    </ClCompile>
    <ClCompile Include="Sniper.cpp">
      <Filter>DX11ObjectDrawable\DirectX Objects\BasicObject\Sniper</Filter>
    </ClCompile>
    <ClCompile Include="SphericalMirror.cpp">
      <Filter>DX11ObjectDrawable\DirectX Objects\BasicObject\SphericalMirror</Filter>
    </ClCompile>
    <ClCompile Include="Prespective.cpp">
      <Filter>Tools\View\Prespective</Filter>
    </ClCompile>
    <ClCompile Include="PlyBuffer.cpp">
      <Filter>Tools\DX11Stuff\PlyBuffer</Filter>
    </ClCompile>
    <ClCompile Include="cFBXBuffer.cpp">
      <Filter>Tools\DX11Stuff\Buffer\cFBXBuffer</Filter>
    </ClCompile>
    <ClCompile Include="FBXObject.cpp">
      <Filter>DX11ObjectDrawable\DirectX Objects\FBX Mesh</Filter>
    </ClCompile>
    <ClCompile Include="Light.cpp">
      <Filter>Tools\Light Manager\Light</Filter>
    </ClCompile>
    <ClCompile Include="LightManager.cpp">
      <Filter>Tools\Light Manager</Filter>
    </ClCompile>
    <ClCompile Include="MeshAnimationManager.cpp">
      <Filter>Tools\Mesh &amp; Animation Manager</Filter>
    </ClCompile>
    <ClCompile Include="AnimationPlayer.cpp">
      <Filter>Tools\Animation\AnimationPlayer</Filter>
    </ClCompile>
    <ClCompile Include="AnimationController.cpp">
      <Filter>Tools\Animation\AnimationController</Filter>
    </ClCompile>
    <ClCompile Include="ObjectInfo.cpp">
      <Filter>Object Info</Filter>
    </ClCompile>
    <ClCompile Include="DrawableInfo.cpp">
      <Filter>Tools\DrawableInfo</Filter>
    </ClCompile>
    <ClCompile Include="IPhysics.cpp">
      <Filter>Physics\PhysicsManager</Filter>
    </ClCompile>
    <ClCompile Include="IPhysicsObject.cpp">
      <Filter>Physics\PhysicsObject</Filter>
    </ClCompile>
    <ClCompile Include="HavokPhysics.cpp">
      <Filter>Physics\PhysicsManager\HavokPhysics</Filter>
    </ClCompile>
    <ClCompile Include="Shadow.cpp">
      <Filter>DX11ObjectDrawable\Shadow</Filter>
    </ClCompile>
    <ClCompile Include="DirectXObject.cpp">
      <Filter>DX11ObjectDrawable\DirectX Objects</Filter>
    </ClCompile>
  </ItemGroup>
  <ItemGroup>
    <ClInclude Include="App.h">
      <Filter>App</Filter>
    </ClInclude>
    <ClInclude Include="DX11App.h">
      <Filter>App\DX11APP</Filter>
    </ClInclude>
    <ClInclude Include="camera.h">
      <Filter>Tools\View\Camera</Filter>
    </ClInclude>
    <ClInclude Include="Application.h" />
    <ClInclude Include="DX11ObjectManager.h">
      <Filter>Tools\DX11Stuff\DX11ObjectManager</Filter>
    </ClInclude>
    <ClInclude Include="Helper.h">
      <Filter>Tools\Helper\Helper</Filter>
    </ClInclude>
    <ClInclude Include="BasicObject.h">
      <Filter>DX11ObjectDrawable\DirectX Objects\BasicObject</Filter>
    </ClInclude>
    <ClInclude Include="cBuffer.h">
      <Filter>Tools\DX11Stuff\Buffer</Filter>
    </ClInclude>
    <ClInclude Include="PlyLib\rply.h">
      <Filter>Tools\Helper\PlyFile</Filter>
    </ClInclude>
    <ClInclude Include="PlyFile.h">
      <Filter>DX11ObjectDrawable\DirectX Objects\BasicObject\PlyFile</Filter>
    </ClInclude>
    <ClInclude Include="SkyBox.h">
      <Filter>DX11ObjectDrawable\DirectX Objects\BasicObject\SkyBox</Filter>
    </ClInclude>
    <ClInclude Include="ObjectLoader.h">
      <Filter>Tools\Loader</Filter>
    </ClInclude>
    <ClInclude Include="tinyxml2\tinyxml2.h">
      <Filter>Tools\Helper\TinyXML</Filter>
    </ClInclude>
    <ClInclude Include="Transparent.h">
      <Filter>DX11ObjectDrawable\DirectX Objects\BasicObject\PlyFile\Transparent</Filter>
    </ClInclude>
    <ClInclude Include="DX11Helper.h">
      <Filter>Tools\DX11Stuff\DX11Helper</Filter>
    </ClInclude>
    <ClInclude Include="MathHelper.h">
      <Filter>Tools\Helper\MathHelper</Filter>
    </ClInclude>
    <ClInclude Include="Sniper.h">
      <Filter>DX11ObjectDrawable\DirectX Objects\BasicObject\Sniper</Filter>
    </ClInclude>
    <ClInclude Include="SphericalMirror.h">
      <Filter>DX11ObjectDrawable\DirectX Objects\BasicObject\SphericalMirror</Filter>
    </ClInclude>
    <ClInclude Include="Prespective.h">
      <Filter>Tools\View\Prespective</Filter>
    </ClInclude>
    <ClInclude Include="SkeletalAnimation.h">
      <Filter>Tools\DX11Stuff\Buffer\Mesh &amp; Animation\SkeletalAnimation</Filter>
    </ClInclude>
    <ClInclude Include="ShaderFiles.h">
      <Filter>Tools\DX11Stuff\ShaderFiles</Filter>
    </ClInclude>
    <ClInclude Include="PlyBuffer.h">
      <Filter>Tools\DX11Stuff\PlyBuffer</Filter>
    </ClInclude>
    <ClInclude Include="Mesh.h">
      <Filter>Tools\DX11Stuff\Buffer\Mesh &amp; Animation\Mesh</Filter>
    </ClInclude>
    <ClInclude Include="cFBXBuffer.h">
      <Filter>Tools\DX11Stuff\Buffer\cFBXBuffer</Filter>
    </ClInclude>
    <ClInclude Include="FBXObject.h">
      <Filter>DX11ObjectDrawable\DirectX Objects\FBX Mesh</Filter>
    </ClInclude>
    <ClInclude Include="Light.h">
      <Filter>Tools\Light Manager\Light</Filter>
    </ClInclude>
    <ClInclude Include="LightManager.h">
      <Filter>Tools\Light Manager</Filter>
    </ClInclude>
    <ClInclude Include="MeshAnimationManager.h">
      <Filter>Tools\Mesh &amp; Animation Manager</Filter>
    </ClInclude>
    <ClInclude Include="AnimationPlayer.h">
      <Filter>Tools\Animation\AnimationPlayer</Filter>
    </ClInclude>
    <ClInclude Include="AnimationController.h">
      <Filter>Tools\Animation\AnimationController</Filter>
    </ClInclude>
    <ClInclude Include="ObjectInfo.h">
      <Filter>Object Info</Filter>
    </ClInclude>
    <ClInclude Include="DrawableInfo.h">
      <Filter>Tools\DrawableInfo</Filter>
    </ClInclude>
    <ClInclude Include="iObjectDrawable.h">
      <Filter>DX11ObjectDrawable</Filter>
    </ClInclude>
    <ClInclude Include="IPhysics.h">
      <Filter>Physics\PhysicsManager</Filter>
    </ClInclude>
    <ClInclude Include="IPhysicsObject.h">
      <Filter>Physics\PhysicsObject</Filter>
    </ClInclude>
    <ClInclude Include="HavokPhysics.h">
      <Filter>Physics\PhysicsManager\HavokPhysics</Filter>
    </ClInclude>
    <ClInclude Include="Shadow.h">
      <Filter>DX11ObjectDrawable\Shadow</Filter>
    </ClInclude>
    <ClInclude Include="DirectXObject.h">
      <Filter>DX11ObjectDrawable\DirectX Objects</Filter>
    </ClInclude>
  </ItemGroup>
  <ItemGroup>
    <Filter Include="App">
      <UniqueIdentifier>{4be69433-7edf-48e3-bf63-4a8c13e0c943}</UniqueIdentifier>
    </Filter>
    <Filter Include="App\DX11APP">
      <UniqueIdentifier>{23674c61-9c04-42e6-8a0e-7c29e8efd08c}</UniqueIdentifier>
    </Filter>
    <Filter Include="Shader">
      <UniqueIdentifier>{fe4daf16-6d57-48f5-93c8-c7c33d768b0d}</UniqueIdentifier>
    </Filter>
    <Filter Include="Tools">
      <UniqueIdentifier>{2bf44b2f-1837-4966-a582-7ac7ffdd25b9}</UniqueIdentifier>
    </Filter>
    <Filter Include="DX11ObjectDrawable">
      <UniqueIdentifier>{6c2ea664-9701-42f5-956f-faaf49cc41e6}</UniqueIdentifier>
    </Filter>
    <Filter Include="Tools\Helper">
      <UniqueIdentifier>{f6e0bd46-4e65-46cb-ab21-7d4999615382}</UniqueIdentifier>
    </Filter>
    <Filter Include="Tools\Helper\PlyFile">
      <UniqueIdentifier>{6f790185-5944-457e-a17b-25c70b0935f8}</UniqueIdentifier>
    </Filter>
    <Filter Include="Tools\Helper\MathHelper">
      <UniqueIdentifier>{91c37ec0-12a6-4d47-8ba6-e9ec904b27f7}</UniqueIdentifier>
    </Filter>
    <Filter Include="Tools\View">
      <UniqueIdentifier>{3a400908-d7cc-411f-9122-1d533c835184}</UniqueIdentifier>
    </Filter>
    <Filter Include="Tools\View\Prespective">
      <UniqueIdentifier>{9779179e-5ab5-4402-8f65-2b126b136281}</UniqueIdentifier>
    </Filter>
    <Filter Include="Tools\View\Camera">
      <UniqueIdentifier>{df0e2f90-efae-4fb3-a14a-cef66b937ab3}</UniqueIdentifier>
    </Filter>
    <Filter Include="Tools\Helper\TinyXML">
      <UniqueIdentifier>{a12b96c1-20f9-48af-9d3b-da5e4104e7a5}</UniqueIdentifier>
    </Filter>
    <Filter Include="Tools\Helper\Helper">
      <UniqueIdentifier>{d2bedc80-0887-4280-b461-5e11d979fb52}</UniqueIdentifier>
    </Filter>
    <Filter Include="Tools\DX11Stuff">
      <UniqueIdentifier>{b8c58024-4b3b-4421-a9b4-951625fcd586}</UniqueIdentifier>
    </Filter>
    <Filter Include="Tools\DX11Stuff\DX11Helper">
      <UniqueIdentifier>{7b277ef2-d875-4211-baf6-9a6d99b4e888}</UniqueIdentifier>
    </Filter>
    <Filter Include="Tools\DX11Stuff\DX11ObjectManager">
      <UniqueIdentifier>{24ca17f6-50ba-496e-a326-b9b065ed777a}</UniqueIdentifier>
    </Filter>
    <Filter Include="Tools\DX11Stuff\ShaderFiles">
      <UniqueIdentifier>{d4fc4a8d-2ffd-4ce5-8a72-76471f42e366}</UniqueIdentifier>
    </Filter>
    <Filter Include="Tools\DX11Stuff\PlyBuffer">
      <UniqueIdentifier>{9220a4ad-2ca7-41e7-b7d8-6a42166fda33}</UniqueIdentifier>
    </Filter>
    <Filter Include="Tools\DX11Stuff\Buffer">
      <UniqueIdentifier>{76a3dc53-1495-4086-8b60-56903e6c0a49}</UniqueIdentifier>
    </Filter>
    <Filter Include="Tools\DX11Stuff\Buffer\cFBXBuffer">
      <UniqueIdentifier>{9d5ed5ae-a9b9-4cf6-a394-1e0ffcea44fc}</UniqueIdentifier>
    </Filter>
    <Filter Include="Tools\DX11Stuff\Buffer\Mesh &amp; Animation">
      <UniqueIdentifier>{d2eb6592-dcad-422f-841e-ab62ad2a7713}</UniqueIdentifier>
    </Filter>
    <Filter Include="Tools\DX11Stuff\Buffer\Mesh &amp; Animation\Mesh">
      <UniqueIdentifier>{40ce2031-0f29-4535-aab0-e91c692bbca6}</UniqueIdentifier>
    </Filter>
    <Filter Include="Tools\DX11Stuff\Buffer\Mesh &amp; Animation\SkeletalAnimation">
      <UniqueIdentifier>{b966fe15-2773-4a25-aedb-7406470720f8}</UniqueIdentifier>
    </Filter>
    <Filter Include="Tools\Light Manager">
      <UniqueIdentifier>{83b77681-519c-4c29-abbe-4b42368598b8}</UniqueIdentifier>
    </Filter>
    <Filter Include="Tools\Light Manager\Light">
      <UniqueIdentifier>{d37a84f2-17a2-4f7d-9d28-e134dac8ef9d}</UniqueIdentifier>
    </Filter>
    <Filter Include="Tools\Mesh &amp; Animation Manager">
      <UniqueIdentifier>{a1df9569-961c-4f5e-810c-c6717a570e20}</UniqueIdentifier>
    </Filter>
    <Filter Include="Object Info">
      <UniqueIdentifier>{9a170821-31cf-441d-8119-946ca74e0bc3}</UniqueIdentifier>
    </Filter>
    <Filter Include="Tools\DrawableInfo">
      <UniqueIdentifier>{c6230af0-f998-4319-8a83-78e76124ac86}</UniqueIdentifier>
    </Filter>
    <Filter Include="Tools\Animation">
      <UniqueIdentifier>{58a1b361-6efd-4779-bd6c-8530814bc7ca}</UniqueIdentifier>
    </Filter>
    <Filter Include="Tools\Animation\AnimationPlayer">
      <UniqueIdentifier>{2304cc8d-a9a5-416a-8b7a-c35b403999a4}</UniqueIdentifier>
    </Filter>
    <Filter Include="Tools\Animation\AnimationController">
      <UniqueIdentifier>{0e750b11-c7bf-44c0-9949-eb0184c4eb3b}</UniqueIdentifier>
    </Filter>
    <Filter Include="Physics">
      <UniqueIdentifier>{6585898d-abbc-4777-bdd4-8c42ac14ba07}</UniqueIdentifier>
    </Filter>
    <Filter Include="Physics\PhysicsManager">
      <UniqueIdentifier>{9fca9858-4242-43b2-acb5-62d12024feb6}</UniqueIdentifier>
    </Filter>
    <Filter Include="Physics\PhysicsObject">
      <UniqueIdentifier>{0642408e-8efa-4b60-8b7a-2bb3cfd29bda}</UniqueIdentifier>
    </Filter>
    <Filter Include="Physics\PhysicsManager\HavokPhysics">
      <UniqueIdentifier>{1faeabc3-9435-4c2a-97e1-9e026a307618}</UniqueIdentifier>
    </Filter>
    <Filter Include="DX11ObjectDrawable\Shadow">
      <UniqueIdentifier>{73c2b094-593c-4647-9ddd-3af81b292dcc}</UniqueIdentifier>
    </Filter>
    <Filter Include="DX11ObjectDrawable\DirectX Objects">
      <UniqueIdentifier>{7d8a9685-df61-41bd-aab8-a1bd14d77663}</UniqueIdentifier>
    </Filter>
    <Filter Include="DX11ObjectDrawable\DirectX Objects\FBX Mesh">
      <UniqueIdentifier>{519d826c-6418-4122-8011-f6a31690410e}</UniqueIdentifier>
    </Filter>
    <Filter Include="DX11ObjectDrawable\DirectX Objects\BasicObject">
      <UniqueIdentifier>{eaa3198d-0ed1-4ae7-a91a-2711d3e28ae8}</UniqueIdentifier>
    </Filter>
    <Filter Include="DX11ObjectDrawable\DirectX Objects\BasicObject\PlyFile">
      <UniqueIdentifier>{8aeb324e-706f-4a8c-9194-ecee1fd332a8}</UniqueIdentifier>
    </Filter>
    <Filter Include="DX11ObjectDrawable\DirectX Objects\BasicObject\PlyFile\Transparent">
      <UniqueIdentifier>{b93dfc3a-b002-4f23-a90f-53ecaa3e65f0}</UniqueIdentifier>
    </Filter>
    <Filter Include="DX11ObjectDrawable\DirectX Objects\BasicObject\SkyBox">
      <UniqueIdentifier>{b6e007ae-fb76-445b-a805-b744dee49213}</UniqueIdentifier>
    </Filter>
    <Filter Include="DX11ObjectDrawable\DirectX Objects\BasicObject\Sniper">
      <UniqueIdentifier>{01de3689-034b-4538-84a3-9c21b4760d3f}</UniqueIdentifier>
    </Filter>
    <Filter Include="DX11ObjectDrawable\DirectX Objects\BasicObject\SphericalMirror">
      <UniqueIdentifier>{517d0841-3de0-4907-91e9-171d8ea6849a}</UniqueIdentifier>
    </Filter>
    <Filter Include="Tools\Loader">
      <UniqueIdentifier>{5020a78b-07f3-4a6e-8127-79d0b94303c5}</UniqueIdentifier>
    </Filter>
  </ItemGroup>
  <ItemGroup>
    <None Include="Commands.xml" />
    <None Include="..\Resources\ShaderFiles\0_Basic.fx">
      <Filter>Shader</Filter>
    </None>
    <None Include="..\Resources\ShaderFiles\1_LightingOnly_DX11.fx">
      <Filter>Shader</Filter>
    </None>
    <None Include="..\Resources\ShaderFiles\2_TwoTexturesOnly_DX11.fx">
      <Filter>Shader</Filter>
    </None>
    <None Include="..\Resources\ShaderFiles\3_TexturingAndLighting_DX11.fx">
      <Filter>Shader</Filter>
    </None>
    <None Include="..\Resources\ShaderFiles\4_CubeMapping.fx">
      <Filter>Shader</Filter>
    </None>
    <None Include="..\Resources\ShaderFiles\5_SkyMap.fx">
      <Filter>Shader</Filter>
    </None>
    <None Include="..\Resources\ShaderFiles\6_Binoculars.fx">
      <Filter>Shader</Filter>
    </None>
    <None Include="..\Resources\ShaderFiles\7_GpuSkinShader.fx">
      <Filter>Shader</Filter>
    </None>
    <None Include="..\Resources\ShaderFiles\HLSL_4_BasicLightFunctions.fx">
      <Filter>Shader</Filter>
    </None>
    <None Include="..\Resources\ShaderFiles\Setup.fx">
      <Filter>Shader</Filter>
    </None>
    <None Include="..\Resources\ShaderFiles\8_Depth.fx">
      <Filter>Shader</Filter>
    </None>
  </ItemGroup>
</Project>